// !$*UTF8*$!
{
	archiveVersion = 1;
	classes = {
	};
	objectVersion = 55;
	objects = {

/* Begin PBXBuildFile section */
		B83251512806E61200954AAA /* AppDelegate.swift in Sources */ = {isa = PBXBuildFile; fileRef = B83251502806E61200954AAA /* AppDelegate.swift */; };
		B83251532806E61200954AAA /* SceneDelegate.swift in Sources */ = {isa = PBXBuildFile; fileRef = B83251522806E61200954AAA /* SceneDelegate.swift */; };
		B83251552806E61200954AAA /* TaskListViewController.swift in Sources */ = {isa = PBXBuildFile; fileRef = B83251542806E61200954AAA /* TaskListViewController.swift */; };
		B832515B2806E61200954AAA /* ToDoList.xcdatamodeld in Sources */ = {isa = PBXBuildFile; fileRef = B83251592806E61200954AAA /* ToDoList.xcdatamodeld */; };
		B832515D2806E61300954AAA /* Assets.xcassets in Resources */ = {isa = PBXBuildFile; fileRef = B832515C2806E61300954AAA /* Assets.xcassets */; };
		B83251602806E61300954AAA /* LaunchScreen.storyboard in Resources */ = {isa = PBXBuildFile; fileRef = B832515E2806E61300954AAA /* LaunchScreen.storyboard */; };
		B8C4D3B92806FD3500610E36 /* StorageManager.swift in Sources */ = {isa = PBXBuildFile; fileRef = B8C4D3B82806FD3500610E36 /* StorageManager.swift */; };
		B8C4D3BF28070BAD00610E36 /* TaskListViewModel.swift in Sources */ = {isa = PBXBuildFile; fileRef = B8C4D3BE28070BAD00610E36 /* TaskListViewModel.swift */; };
		B8C4D3C228081F8D00610E36 /* ToDoTask+CoreDataClass.swift in Sources */ = {isa = PBXBuildFile; fileRef = B8C4D3C028081F8D00610E36 /* ToDoTask+CoreDataClass.swift */; };
		B8C4D3C328081F8D00610E36 /* ToDoTask+CoreDataProperties.swift in Sources */ = {isa = PBXBuildFile; fileRef = B8C4D3C128081F8D00610E36 /* ToDoTask+CoreDataProperties.swift */; };
		B8C4D3C528082EF600610E36 /* NewTaskViewController.swift in Sources */ = {isa = PBXBuildFile; fileRef = B8C4D3C428082EF600610E36 /* NewTaskViewController.swift */; };
		B8F05E8C281015C300C64720 /* CompletedAndDeletedTaskListViewController.swift in Sources */ = {isa = PBXBuildFile; fileRef = B8F05E8B281015C300C64720 /* CompletedAndDeletedTaskListViewController.swift */; };
		B8F05E8E281022FD00C64720 /* TaskSectionViewModel.swift in Sources */ = {isa = PBXBuildFile; fileRef = B8F05E8D281022FD00C64720 /* TaskSectionViewModel.swift */; };
		B8F05E902810266700C64720 /* CompletedAndDeletedTaskListPresenter.swift in Sources */ = {isa = PBXBuildFile; fileRef = B8F05E8F2810266700C64720 /* CompletedAndDeletedTaskListPresenter.swift */; };
		B8F05E922810285200C64720 /* CompletedAndDeletedTaskListInteractor.swift in Sources */ = {isa = PBXBuildFile; fileRef = B8F05E912810285200C64720 /* CompletedAndDeletedTaskListInteractor.swift */; };
		B8F05E9428102E5700C64720 /* CompletedAndDeletedTaskListConfigurator.swift in Sources */ = {isa = PBXBuildFile; fileRef = B8F05E9328102E5600C64720 /* CompletedAndDeletedTaskListConfigurator.swift */; };
		CC259FBAED5920E56677EB0B /* libPods-ToDoList.a in Frameworks */ = {isa = PBXBuildFile; fileRef = 4756CD7FD240A1321EB888AF /* libPods-ToDoList.a */; };
/* End PBXBuildFile section */

/* Begin PBXFileReference section */
		06AFFD6627A1F5F51FE4E709 /* Pods-ToDoList.release.xcconfig */ = {isa = PBXFileReference; includeInIndex = 1; lastKnownFileType = text.xcconfig; name = "Pods-ToDoList.release.xcconfig"; path = "Target Support Files/Pods-ToDoList/Pods-ToDoList.release.xcconfig"; sourceTree = "<group>"; };
		4756CD7FD240A1321EB888AF /* libPods-ToDoList.a */ = {isa = PBXFileReference; explicitFileType = archive.ar; includeInIndex = 0; path = "libPods-ToDoList.a"; sourceTree = BUILT_PRODUCTS_DIR; };
		7D3D5D16B3CEFC52A47B6B7F /* Pods-ToDoList.debug.xcconfig */ = {isa = PBXFileReference; includeInIndex = 1; lastKnownFileType = text.xcconfig; name = "Pods-ToDoList.debug.xcconfig"; path = "Target Support Files/Pods-ToDoList/Pods-ToDoList.debug.xcconfig"; sourceTree = "<group>"; };
		B832514D2806E61200954AAA /* ToDoList.app */ = {isa = PBXFileReference; explicitFileType = wrapper.application; includeInIndex = 0; path = ToDoList.app; sourceTree = BUILT_PRODUCTS_DIR; };
		B83251502806E61200954AAA /* AppDelegate.swift */ = {isa = PBXFileReference; lastKnownFileType = sourcecode.swift; path = AppDelegate.swift; sourceTree = "<group>"; };
		B83251522806E61200954AAA /* SceneDelegate.swift */ = {isa = PBXFileReference; lastKnownFileType = sourcecode.swift; path = SceneDelegate.swift; sourceTree = "<group>"; };
		B83251542806E61200954AAA /* TaskListViewController.swift */ = {isa = PBXFileReference; lastKnownFileType = sourcecode.swift; path = TaskListViewController.swift; sourceTree = "<group>"; };
		B832515A2806E61200954AAA /* ToDoList.xcdatamodel */ = {isa = PBXFileReference; lastKnownFileType = wrapper.xcdatamodel; path = ToDoList.xcdatamodel; sourceTree = "<group>"; };
		B832515C2806E61300954AAA /* Assets.xcassets */ = {isa = PBXFileReference; lastKnownFileType = folder.assetcatalog; path = Assets.xcassets; sourceTree = "<group>"; };
		B832515F2806E61300954AAA /* Base */ = {isa = PBXFileReference; lastKnownFileType = file.storyboard; name = Base; path = Base.lproj/LaunchScreen.storyboard; sourceTree = "<group>"; };
		B83251612806E61300954AAA /* Info.plist */ = {isa = PBXFileReference; lastKnownFileType = text.plist.xml; path = Info.plist; sourceTree = "<group>"; };
		B8C4D3B82806FD3500610E36 /* StorageManager.swift */ = {isa = PBXFileReference; lastKnownFileType = sourcecode.swift; path = StorageManager.swift; sourceTree = "<group>"; };
		B8C4D3BE28070BAD00610E36 /* TaskListViewModel.swift */ = {isa = PBXFileReference; lastKnownFileType = sourcecode.swift; path = TaskListViewModel.swift; sourceTree = "<group>"; };
		B8C4D3C028081F8D00610E36 /* ToDoTask+CoreDataClass.swift */ = {isa = PBXFileReference; fileEncoding = 4; lastKnownFileType = sourcecode.swift; path = "ToDoTask+CoreDataClass.swift"; sourceTree = "<group>"; };
		B8C4D3C128081F8D00610E36 /* ToDoTask+CoreDataProperties.swift */ = {isa = PBXFileReference; fileEncoding = 4; lastKnownFileType = sourcecode.swift; path = "ToDoTask+CoreDataProperties.swift"; sourceTree = "<group>"; };
		B8C4D3C428082EF600610E36 /* NewTaskViewController.swift */ = {isa = PBXFileReference; lastKnownFileType = sourcecode.swift; path = NewTaskViewController.swift; sourceTree = "<group>"; };
		B8F05E8B281015C300C64720 /* CompletedAndDeletedTaskListViewController.swift */ = {isa = PBXFileReference; lastKnownFileType = sourcecode.swift; path = CompletedAndDeletedTaskListViewController.swift; sourceTree = "<group>"; };
		B8F05E8D281022FD00C64720 /* TaskSectionViewModel.swift */ = {isa = PBXFileReference; lastKnownFileType = sourcecode.swift; path = TaskSectionViewModel.swift; sourceTree = "<group>"; };
		B8F05E8F2810266700C64720 /* CompletedAndDeletedTaskListPresenter.swift */ = {isa = PBXFileReference; lastKnownFileType = sourcecode.swift; path = CompletedAndDeletedTaskListPresenter.swift; sourceTree = "<group>"; };
		B8F05E912810285200C64720 /* CompletedAndDeletedTaskListInteractor.swift */ = {isa = PBXFileReference; lastKnownFileType = sourcecode.swift; path = CompletedAndDeletedTaskListInteractor.swift; sourceTree = "<group>"; };
		B8F05E9328102E5600C64720 /* CompletedAndDeletedTaskListConfigurator.swift */ = {isa = PBXFileReference; lastKnownFileType = sourcecode.swift; path = CompletedAndDeletedTaskListConfigurator.swift; sourceTree = "<group>"; };
/* End PBXFileReference section */

/* Begin PBXFrameworksBuildPhase section */
		B832514A2806E61200954AAA /* Frameworks */ = {
			isa = PBXFrameworksBuildPhase;
			buildActionMask = 2147483647;
			files = (
				CC259FBAED5920E56677EB0B /* libPods-ToDoList.a in Frameworks */,
			);
			runOnlyForDeploymentPostprocessing = 0;
		};
/* End PBXFrameworksBuildPhase section */

/* Begin PBXGroup section */
		63350D803FA91069ABAE0EFC /* Frameworks */ = {
			isa = PBXGroup;
			children = (
				4756CD7FD240A1321EB888AF /* libPods-ToDoList.a */,
			);
			name = Frameworks;
			sourceTree = "<group>";
		};
		B83251442806E61200954AAA = {
			isa = PBXGroup;
			children = (
				B8C4D3C028081F8D00610E36 /* ToDoTask+CoreDataClass.swift */,
				B8C4D3C128081F8D00610E36 /* ToDoTask+CoreDataProperties.swift */,
				B832514F2806E61200954AAA /* ToDoList */,
				B8F05E8A2810155400C64720 /* CompletedAndDeletedTasks */,
				B8C4D3BB28070AC500610E36 /* Storyboards */,
				B832514E2806E61200954AAA /* Products */,
				DAED7E5AD2FF3967D7D05A6A /* Pods */,
				63350D803FA91069ABAE0EFC /* Frameworks */,
			);
			sourceTree = "<group>";
		};
		B832514E2806E61200954AAA /* Products */ = {
			isa = PBXGroup;
			children = (
				B832514D2806E61200954AAA /* ToDoList.app */,
			);
			name = Products;
			sourceTree = "<group>";
		};
		B832514F2806E61200954AAA /* ToDoList */ = {
			isa = PBXGroup;
			children = (
				B8C4D3BA28070A9E00610E36 /* Resources */,
				B8C4D3B72806FD1C00610E36 /* Services */,
				B83251672806F62C00954AAA /* Model */,
				B8C4D3BC28070AE500610E36 /* SupportingFiles */,
				B8C4D3BD28070B6400610E36 /* TaskList */,
				B8F05E892810145500C64720 /* NewTask */,
			);
			path = ToDoList;
			sourceTree = "<group>";
		};
		B83251672806F62C00954AAA /* Model */ = {
			isa = PBXGroup;
			children = (
				B83251592806E61200954AAA /* ToDoList.xcdatamodeld */,
			);
			path = Model;
			sourceTree = "<group>";
		};
		B8C4D3B72806FD1C00610E36 /* Services */ = {
			isa = PBXGroup;
			children = (
				B8C4D3B82806FD3500610E36 /* StorageManager.swift */,
			);
			path = Services;
			sourceTree = "<group>";
		};
		B8C4D3BA28070A9E00610E36 /* Resources */ = {
			isa = PBXGroup;
			children = (
				B832515C2806E61300954AAA /* Assets.xcassets */,
			);
			path = Resources;
			sourceTree = "<group>";
		};
		B8C4D3BB28070AC500610E36 /* Storyboards */ = {
			isa = PBXGroup;
			children = (
				B832515E2806E61300954AAA /* LaunchScreen.storyboard */,
			);
			path = Storyboards;
			sourceTree = "<group>";
		};
		B8C4D3BC28070AE500610E36 /* SupportingFiles */ = {
			isa = PBXGroup;
			children = (
				B83251502806E61200954AAA /* AppDelegate.swift */,
				B83251522806E61200954AAA /* SceneDelegate.swift */,
				B83251612806E61300954AAA /* Info.plist */,
			);
			path = SupportingFiles;
			sourceTree = "<group>";
		};
		B8C4D3BD28070B6400610E36 /* TaskList */ = {
			isa = PBXGroup;
			children = (
				B83251542806E61200954AAA /* TaskListViewController.swift */,
				B8C4D3BE28070BAD00610E36 /* TaskListViewModel.swift */,
			);
			path = TaskList;
			sourceTree = "<group>";
		};
		B8F05E892810145500C64720 /* NewTask */ = {
			isa = PBXGroup;
			children = (
				B8C4D3C428082EF600610E36 /* NewTaskViewController.swift */,
			);
			path = NewTask;
			sourceTree = "<group>";
		};
		B8F05E8A2810155400C64720 /* CompletedAndDeletedTasks */ = {
			isa = PBXGroup;
			children = (
				B8F05E8B281015C300C64720 /* CompletedAndDeletedTaskListViewController.swift */,
				B8F05E8F2810266700C64720 /* CompletedAndDeletedTaskListPresenter.swift */,
				B8F05E912810285200C64720 /* CompletedAndDeletedTaskListInteractor.swift */,
				B8F05E9328102E5600C64720 /* CompletedAndDeletedTaskListConfigurator.swift */,
				B8F05E8D281022FD00C64720 /* TaskSectionViewModel.swift */,
			);
			path = CompletedAndDeletedTasks;
			sourceTree = "<group>";
		};
		DAED7E5AD2FF3967D7D05A6A /* Pods */ = {
			isa = PBXGroup;
			children = (
				7D3D5D16B3CEFC52A47B6B7F /* Pods-ToDoList.debug.xcconfig */,
				06AFFD6627A1F5F51FE4E709 /* Pods-ToDoList.release.xcconfig */,
			);
			path = Pods;
			sourceTree = "<group>";
		};
/* End PBXGroup section */

/* Begin PBXNativeTarget section */
		B832514C2806E61200954AAA /* ToDoList */ = {
			isa = PBXNativeTarget;
			buildConfigurationList = B83251642806E61300954AAA /* Build configuration list for PBXNativeTarget "ToDoList" */;
			buildPhases = (
				517B282140E9344A545D103B /* [CP] Check Pods Manifest.lock */,
				B83251492806E61200954AAA /* Sources */,
				B832514A2806E61200954AAA /* Frameworks */,
				B832514B2806E61200954AAA /* Resources */,
			);
			buildRules = (
			);
			dependencies = (
			);
			name = ToDoList;
			productName = ToDoList;
			productReference = B832514D2806E61200954AAA /* ToDoList.app */;
			productType = "com.apple.product-type.application";
		};
/* End PBXNativeTarget section */

/* Begin PBXProject section */
		B83251452806E61200954AAA /* Project object */ = {
			isa = PBXProject;
			attributes = {
				BuildIndependentTargetsInParallel = 1;
				LastSwiftUpdateCheck = 1330;
				LastUpgradeCheck = 1330;
				TargetAttributes = {
					B832514C2806E61200954AAA = {
						CreatedOnToolsVersion = 13.3.1;
					};
				};
			};
			buildConfigurationList = B83251482806E61200954AAA /* Build configuration list for PBXProject "ToDoList" */;
			compatibilityVersion = "Xcode 13.0";
			developmentRegion = en;
			hasScannedForEncodings = 0;
			knownRegions = (
				en,
				Base,
			);
			mainGroup = B83251442806E61200954AAA;
			productRefGroup = B832514E2806E61200954AAA /* Products */;
			projectDirPath = "";
			projectRoot = "";
			targets = (
				B832514C2806E61200954AAA /* ToDoList */,
			);
		};
/* End PBXProject section */

/* Begin PBXResourcesBuildPhase section */
		B832514B2806E61200954AAA /* Resources */ = {
			isa = PBXResourcesBuildPhase;
			buildActionMask = 2147483647;
			files = (
				B83251602806E61300954AAA /* LaunchScreen.storyboard in Resources */,
				B832515D2806E61300954AAA /* Assets.xcassets in Resources */,
			);
			runOnlyForDeploymentPostprocessing = 0;
		};
/* End PBXResourcesBuildPhase section */

/* Begin PBXShellScriptBuildPhase section */
		517B282140E9344A545D103B /* [CP] Check Pods Manifest.lock */ = {
			isa = PBXShellScriptBuildPhase;
			buildActionMask = 2147483647;
			files = (
			);
			inputFileListPaths = (
			);
			inputPaths = (
				"${PODS_PODFILE_DIR_PATH}/Podfile.lock",
				"${PODS_ROOT}/Manifest.lock",
			);
			name = "[CP] Check Pods Manifest.lock";
			outputFileListPaths = (
			);
			outputPaths = (
				"$(DERIVED_FILE_DIR)/Pods-ToDoList-checkManifestLockResult.txt",
			);
			runOnlyForDeploymentPostprocessing = 0;
			shellPath = /bin/sh;
			shellScript = "diff \"${PODS_PODFILE_DIR_PATH}/Podfile.lock\" \"${PODS_ROOT}/Manifest.lock\" > /dev/null\nif [ $? != 0 ] ; then\n    # print error to STDERR\n    echo \"error: The sandbox is not in sync with the Podfile.lock. Run 'pod install' or update your CocoaPods installation.\" >&2\n    exit 1\nfi\n# This output is used by Xcode 'outputs' to avoid re-running this script phase.\necho \"SUCCESS\" > \"${SCRIPT_OUTPUT_FILE_0}\"\n";
			showEnvVarsInLog = 0;
		};
/* End PBXShellScriptBuildPhase section */

/* Begin PBXSourcesBuildPhase section */
		B83251492806E61200954AAA /* Sources */ = {
			isa = PBXSourcesBuildPhase;
			buildActionMask = 2147483647;
			files = (
				B8C4D3C328081F8D00610E36 /* ToDoTask+CoreDataProperties.swift in Sources */,
				B83251552806E61200954AAA /* TaskListViewController.swift in Sources */,
				B83251512806E61200954AAA /* AppDelegate.swift in Sources */,
				B8F05E9428102E5700C64720 /* CompletedAndDeletedTaskListConfigurator.swift in Sources */,
				B8C4D3B92806FD3500610E36 /* StorageManager.swift in Sources */,
				B8F05E8E281022FD00C64720 /* TaskSectionViewModel.swift in Sources */,
				B8F05E922810285200C64720 /* CompletedAndDeletedTaskListInteractor.swift in Sources */,
				B8C4D3C528082EF600610E36 /* NewTaskViewController.swift in Sources */,
				B8F05E8C281015C300C64720 /* CompletedAndDeletedTaskListViewController.swift in Sources */,
				B8F05E902810266700C64720 /* CompletedAndDeletedTaskListPresenter.swift in Sources */,
				B83251532806E61200954AAA /* SceneDelegate.swift in Sources */,
				B8C4D3BF28070BAD00610E36 /* TaskListViewModel.swift in Sources */,
				B8C4D3C228081F8D00610E36 /* ToDoTask+CoreDataClass.swift in Sources */,
				B832515B2806E61200954AAA /* ToDoList.xcdatamodeld in Sources */,
			);
			runOnlyForDeploymentPostprocessing = 0;
		};
/* End PBXSourcesBuildPhase section */

/* Begin PBXVariantGroup section */
		B832515E2806E61300954AAA /* LaunchScreen.storyboard */ = {
			isa = PBXVariantGroup;
			children = (
				B832515F2806E61300954AAA /* Base */,
			);
			name = LaunchScreen.storyboard;
			sourceTree = "<group>";
		};
/* End PBXVariantGroup section */

/* Begin XCBuildConfiguration section */
		B83251622806E61300954AAA /* Debug */ = {
			isa = XCBuildConfiguration;
			buildSettings = {
				ALWAYS_SEARCH_USER_PATHS = NO;
				CLANG_ANALYZER_NONNULL = YES;
				CLANG_ANALYZER_NUMBER_OBJECT_CONVERSION = YES_AGGRESSIVE;
				CLANG_CXX_LANGUAGE_STANDARD = "gnu++17";
				CLANG_ENABLE_MODULES = YES;
				CLANG_ENABLE_OBJC_ARC = YES;
				CLANG_ENABLE_OBJC_WEAK = YES;
				CLANG_WARN_BLOCK_CAPTURE_AUTORELEASING = YES;
				CLANG_WARN_BOOL_CONVERSION = YES;
				CLANG_WARN_COMMA = YES;
				CLANG_WARN_CONSTANT_CONVERSION = YES;
				CLANG_WARN_DEPRECATED_OBJC_IMPLEMENTATIONS = YES;
				CLANG_WARN_DIRECT_OBJC_ISA_USAGE = YES_ERROR;
				CLANG_WARN_DOCUMENTATION_COMMENTS = YES;
				CLANG_WARN_EMPTY_BODY = YES;
				CLANG_WARN_ENUM_CONVERSION = YES;
				CLANG_WARN_INFINITE_RECURSION = YES;
				CLANG_WARN_INT_CONVERSION = YES;
				CLANG_WARN_NON_LITERAL_NULL_CONVERSION = YES;
				CLANG_WARN_OBJC_IMPLICIT_RETAIN_SELF = YES;
				CLANG_WARN_OBJC_LITERAL_CONVERSION = YES;
				CLANG_WARN_OBJC_ROOT_CLASS = YES_ERROR;
				CLANG_WARN_QUOTED_INCLUDE_IN_FRAMEWORK_HEADER = YES;
				CLANG_WARN_RANGE_LOOP_ANALYSIS = YES;
				CLANG_WARN_STRICT_PROTOTYPES = YES;
				CLANG_WARN_SUSPICIOUS_MOVE = YES;
				CLANG_WARN_UNGUARDED_AVAILABILITY = YES_AGGRESSIVE;
				CLANG_WARN_UNREACHABLE_CODE = YES;
				CLANG_WARN__DUPLICATE_METHOD_MATCH = YES;
				COPY_PHASE_STRIP = NO;
				DEBUG_INFORMATION_FORMAT = dwarf;
				ENABLE_STRICT_OBJC_MSGSEND = YES;
				ENABLE_TESTABILITY = YES;
				GCC_C_LANGUAGE_STANDARD = gnu11;
				GCC_DYNAMIC_NO_PIC = NO;
				GCC_NO_COMMON_BLOCKS = YES;
				GCC_OPTIMIZATION_LEVEL = 0;
				GCC_PREPROCESSOR_DEFINITIONS = (
					"DEBUG=1",
					"$(inherited)",
				);
				GCC_WARN_64_TO_32_BIT_CONVERSION = YES;
				GCC_WARN_ABOUT_RETURN_TYPE = YES_ERROR;
				GCC_WARN_UNDECLARED_SELECTOR = YES;
				GCC_WARN_UNINITIALIZED_AUTOS = YES_AGGRESSIVE;
				GCC_WARN_UNUSED_FUNCTION = YES;
				GCC_WARN_UNUSED_VARIABLE = YES;
				IPHONEOS_DEPLOYMENT_TARGET = 15.4;
				MTL_ENABLE_DEBUG_INFO = INCLUDE_SOURCE;
				MTL_FAST_MATH = YES;
				ONLY_ACTIVE_ARCH = YES;
				SDKROOT = iphoneos;
				SWIFT_ACTIVE_COMPILATION_CONDITIONS = DEBUG;
				SWIFT_OPTIMIZATION_LEVEL = "-Onone";
			};
			name = Debug;
		};
		B83251632806E61300954AAA /* Release */ = {
			isa = XCBuildConfiguration;
			buildSettings = {
				ALWAYS_SEARCH_USER_PATHS = NO;
				CLANG_ANALYZER_NONNULL = YES;
				CLANG_ANALYZER_NUMBER_OBJECT_CONVERSION = YES_AGGRESSIVE;
				CLANG_CXX_LANGUAGE_STANDARD = "gnu++17";
				CLANG_ENABLE_MODULES = YES;
				CLANG_ENABLE_OBJC_ARC = YES;
				CLANG_ENABLE_OBJC_WEAK = YES;
				CLANG_WARN_BLOCK_CAPTURE_AUTORELEASING = YES;
				CLANG_WARN_BOOL_CONVERSION = YES;
				CLANG_WARN_COMMA = YES;
				CLANG_WARN_CONSTANT_CONVERSION = YES;
				CLANG_WARN_DEPRECATED_OBJC_IMPLEMENTATIONS = YES;
				CLANG_WARN_DIRECT_OBJC_ISA_USAGE = YES_ERROR;
				CLANG_WARN_DOCUMENTATION_COMMENTS = YES;
				CLANG_WARN_EMPTY_BODY = YES;
				CLANG_WARN_ENUM_CONVERSION = YES;
				CLANG_WARN_INFINITE_RECURSION = YES;
				CLANG_WARN_INT_CONVERSION = YES;
				CLANG_WARN_NON_LITERAL_NULL_CONVERSION = YES;
				CLANG_WARN_OBJC_IMPLICIT_RETAIN_SELF = YES;
				CLANG_WARN_OBJC_LITERAL_CONVERSION = YES;
				CLANG_WARN_OBJC_ROOT_CLASS = YES_ERROR;
				CLANG_WARN_QUOTED_INCLUDE_IN_FRAMEWORK_HEADER = YES;
				CLANG_WARN_RANGE_LOOP_ANALYSIS = YES;
				CLANG_WARN_STRICT_PROTOTYPES = YES;
				CLANG_WARN_SUSPICIOUS_MOVE = YES;
				CLANG_WARN_UNGUARDED_AVAILABILITY = YES_AGGRESSIVE;
				CLANG_WARN_UNREACHABLE_CODE = YES;
				CLANG_WARN__DUPLICATE_METHOD_MATCH = YES;
				COPY_PHASE_STRIP = NO;
				DEBUG_INFORMATION_FORMAT = "dwarf-with-dsym";
				ENABLE_NS_ASSERTIONS = NO;
				ENABLE_STRICT_OBJC_MSGSEND = YES;
				GCC_C_LANGUAGE_STANDARD = gnu11;
				GCC_NO_COMMON_BLOCKS = YES;
				GCC_WARN_64_TO_32_BIT_CONVERSION = YES;
				GCC_WARN_ABOUT_RETURN_TYPE = YES_ERROR;
				GCC_WARN_UNDECLARED_SELECTOR = YES;
				GCC_WARN_UNINITIALIZED_AUTOS = YES_AGGRESSIVE;
				GCC_WARN_UNUSED_FUNCTION = YES;
				GCC_WARN_UNUSED_VARIABLE = YES;
				IPHONEOS_DEPLOYMENT_TARGET = 15.4;
				MTL_ENABLE_DEBUG_INFO = NO;
				MTL_FAST_MATH = YES;
				SDKROOT = iphoneos;
				SWIFT_COMPILATION_MODE = wholemodule;
				SWIFT_OPTIMIZATION_LEVEL = "-O";
				VALIDATE_PRODUCT = YES;
			};
			name = Release;
		};
		B83251652806E61300954AAA /* Debug */ = {
			isa = XCBuildConfiguration;
			baseConfigurationReference = 7D3D5D16B3CEFC52A47B6B7F /* Pods-ToDoList.debug.xcconfig */;
			buildSettings = {
				ASSETCATALOG_COMPILER_APPICON_NAME = AppIcon;
				ASSETCATALOG_COMPILER_GLOBAL_ACCENT_COLOR_NAME = AccentColor;
				CODE_SIGN_STYLE = Automatic;
				CURRENT_PROJECT_VERSION = 1;
				DEVELOPMENT_TEAM = YCD8TAUA7N;
				GENERATE_INFOPLIST_FILE = YES;
				INFOPLIST_FILE = ToDoList/SupportingFiles/Info.plist;
				INFOPLIST_KEY_UIApplicationSupportsIndirectInputEvents = YES;
				INFOPLIST_KEY_UILaunchStoryboardName = LaunchScreen;
				INFOPLIST_KEY_UISupportedInterfaceOrientations_iPad = "UIInterfaceOrientationPortrait UIInterfaceOrientationPortraitUpsideDown UIInterfaceOrientationLandscapeLeft UIInterfaceOrientationLandscapeRight";
				INFOPLIST_KEY_UISupportedInterfaceOrientations_iPhone = "UIInterfaceOrientationPortrait UIInterfaceOrientationLandscapeLeft UIInterfaceOrientationLandscapeRight";
				LD_RUNPATH_SEARCH_PATHS = (
					"$(inherited)",
					"@executable_path/Frameworks",
				);
				MARKETING_VERSION = 1.0;
				PRODUCT_BUNDLE_IDENTIFIER = shevshelev.ToDoList;
				PRODUCT_NAME = "$(TARGET_NAME)";
				SWIFT_EMIT_LOC_STRINGS = YES;
				SWIFT_VERSION = 5.0;
				TARGETED_DEVICE_FAMILY = "1,2";
			};
			name = Debug;
		};
		B83251662806E61300954AAA /* Release */ = {
			isa = XCBuildConfiguration;
			baseConfigurationReference = 06AFFD6627A1F5F51FE4E709 /* Pods-ToDoList.release.xcconfig */;
			buildSettings = {
				ASSETCATALOG_COMPILER_APPICON_NAME = AppIcon;
				ASSETCATALOG_COMPILER_GLOBAL_ACCENT_COLOR_NAME = AccentColor;
				CODE_SIGN_STYLE = Automatic;
				CURRENT_PROJECT_VERSION = 1;
				DEVELOPMENT_TEAM = YCD8TAUA7N;
				GENERATE_INFOPLIST_FILE = YES;
				INFOPLIST_FILE = ToDoList/SupportingFiles/Info.plist;
				INFOPLIST_KEY_UIApplicationSupportsIndirectInputEvents = YES;
				INFOPLIST_KEY_UILaunchStoryboardName = LaunchScreen;
				INFOPLIST_KEY_UISupportedInterfaceOrientations_iPad = "UIInterfaceOrientationPortrait UIInterfaceOrientationPortraitUpsideDown UIInterfaceOrientationLandscapeLeft UIInterfaceOrientationLandscapeRight";
				INFOPLIST_KEY_UISupportedInterfaceOrientations_iPhone = "UIInterfaceOrientationPortrait UIInterfaceOrientationLandscapeLeft UIInterfaceOrientationLandscapeRight";
				LD_RUNPATH_SEARCH_PATHS = (
					"$(inherited)",
					"@executable_path/Frameworks",
				);
				MARKETING_VERSION = 1.0;
				PRODUCT_BUNDLE_IDENTIFIER = shevshelev.ToDoList;
				PRODUCT_NAME = "$(TARGET_NAME)";
				SWIFT_EMIT_LOC_STRINGS = YES;
				SWIFT_VERSION = 5.0;
				TARGETED_DEVICE_FAMILY = "1,2";
			};
			name = Release;
		};
/* End XCBuildConfiguration section */

/* Begin XCConfigurationList section */
		B83251482806E61200954AAA /* Build configuration list for PBXProject "ToDoList" */ = {
			isa = XCConfigurationList;
			buildConfigurations = (
				B83251622806E61300954AAA /* Debug */,
				B83251632806E61300954AAA /* Release */,
			);
			defaultConfigurationIsVisible = 0;
			defaultConfigurationName = Release;
		};
		B83251642806E61300954AAA /* Build configuration list for PBXNativeTarget "ToDoList" */ = {
			isa = XCConfigurationList;
			buildConfigurations = (
				B83251652806E61300954AAA /* Debug */,
				B83251662806E61300954AAA /* Release */,
			);
			defaultConfigurationIsVisible = 0;
			defaultConfigurationName = Release;
		};
/* End XCConfigurationList section */

/* Begin XCVersionGroup section */
		B83251592806E61200954AAA /* ToDoList.xcdatamodeld */ = {
			isa = XCVersionGroup;
			children = (
				B832515A2806E61200954AAA /* ToDoList.xcdatamodel */,
			);
			currentVersion = B832515A2806E61200954AAA /* ToDoList.xcdatamodel */;
			path = ToDoList.xcdatamodeld;
			sourceTree = "<group>";
			versionGroupType = wrapper.xcdatamodel;
		};
/* End XCVersionGroup section */
	};
	rootObject = B83251452806E61200954AAA /* Project object */;
}
